
Microsoft Visual Studio Solution File, Format Version 12.00
# Visual Studio Version 16
VisualStudioVersion = 16.0.32802.440
MinimumVisualStudioVersion = 10.0.40219.1
Project("{9A19103F-16F7-4668-BE54-9A1E7A4F7556}") = "ArshdeepsBookStore", "ArshdeepsBookStore.csproj", "{994B5FE5-8983-44B6-9C9D-02EB63FFE963}"
EndProject
Project("{FAE04EC0-301F-11D3-BF4B-00C04F79EFBC}") = "ArshBooks.DataAccess", "..\ArshBooks.DataAccess\ArshBooks.DataAccess.csproj", "{6C5AC308-3584-4E6A-A82D-9B50F004CAC1}"
EndProject
Project("{FAE04EC0-301F-11D3-BF4B-00C04F79EFBC}") = "ArshBooks.Models", "..\ArshBooks.Models\ArshBooks.Models.csproj", "{BB58418A-D9C7-4D92-BC61-C96C63DB866E}"
EndProject
Project("{FAE04EC0-301F-11D3-BF4B-00C04F79EFBC}") = "ArshdeepBooks.Utility", "..\ArshdeepBooks.Utility\ArshdeepBooks.Utility.csproj", "{0A9E493B-6420-4264-9DC5-5C603E62DEA3}"
EndProject
Global
	GlobalSection(SolutionConfigurationPlatforms) = preSolution
		Debug|Any CPU = Debug|Any CPU
		Release|Any CPU = Release|Any CPU
	EndGlobalSection
	GlobalSection(ProjectConfigurationPlatforms) = postSolution
		{994B5FE5-8983-44B6-9C9D-02EB63FFE963}.Debug|Any CPU.ActiveCfg = Debug|Any CPU
		{994B5FE5-8983-44B6-9C9D-02EB63FFE963}.Debug|Any CPU.Build.0 = Debug|Any CPU
		{994B5FE5-8983-44B6-9C9D-02EB63FFE963}.Release|Any CPU.ActiveCfg = Release|Any CPU
		{994B5FE5-8983-44B6-9C9D-02EB63FFE963}.Release|Any CPU.Build.0 = Release|Any CPU
		{6C5AC308-3584-4E6A-A82D-9B50F004CAC1}.Debug|Any CPU.ActiveCfg = Debug|Any CPU
		{6C5AC308-3584-4E6A-A82D-9B50F004CAC1}.Debug|Any CPU.Build.0 = Debug|Any CPU
		{6C5AC308-3584-4E6A-A82D-9B50F004CAC1}.Release|Any CPU.ActiveCfg = Release|Any CPU
		{6C5AC308-3584-4E6A-A82D-9B50F004CAC1}.Release|Any CPU.Build.0 = Release|Any CPU
		{BB58418A-D9C7-4D92-BC61-C96C63DB866E}.Debug|Any CPU.ActiveCfg = Debug|Any CPU
		{BB58418A-D9C7-4D92-BC61-C96C63DB866E}.Debug|Any CPU.Build.0 = Debug|Any CPU
		{BB58418A-D9C7-4D92-BC61-C96C63DB866E}.Release|Any CPU.ActiveCfg = Release|Any CPU
		{BB58418A-D9C7-4D92-BC61-C96C63DB866E}.Release|Any CPU.Build.0 = Release|Any CPU
		{0A9E493B-6420-4264-9DC5-5C603E62DEA3}.Debug|Any CPU.ActiveCfg = Debug|Any CPU
		{0A9E493B-6420-4264-9DC5-5C603E62DEA3}.Debug|Any CPU.Build.0 = Debug|Any CPU
		{0A9E493B-6420-4264-9DC5-5C603E62DEA3}.Release|Any CPU.ActiveCfg = Release|Any CPU
		{0A9E493B-6420-4264-9DC5-5C603E62DEA3}.Release|Any CPU.Build.0 = Release|Any CPU
	EndGlobalSection
	GlobalSection(SolutionProperties) = preSolution
		HideSolutionNode = FALSE
	EndGlobalSection
	GlobalSection(ExtensibilityGlobals) = postSolution
		SolutionGuid = {A0066E13-B9CB-4C08-B533-BC3D88378AD0}
	EndGlobalSection
EndGlobal
